
Microsoft Visual Studio Solution File, Format Version 12.00
# Visual Studio Version 16
VisualStudioVersion = 16.0.31515.178
MinimumVisualStudioVersion = 10.0.40219.1
Project("{FAE04EC0-301F-11D3-BF4B-00C04F79EFBC}") = "fit5032week4  HD", "fit5032week4  HD\fit5032week4  HD.csproj", "{05F1AEB5-D0E7-4C39-B799-655654921505}"
EndProject
Project("{FAE04EC0-301F-11D3-BF4B-00C04F79EFBC}") = "fit5032week4  HD.Tests", "fit5032week4  HD.Tests\fit5032week4  HD.Tests.csproj", "{7038C86C-390F-4113-97DD-B73BBB5C7503}"
EndProject
Global
	GlobalSection(SolutionConfigurationPlatforms) = preSolution
		Debug|Any CPU = Debug|Any CPU
		Release|Any CPU = Release|Any CPU
	EndGlobalSection
	GlobalSection(ProjectConfigurationPlatforms) = postSolution
		{05F1AEB5-D0E7-4C39-B799-655654921505}.Debug|Any CPU.ActiveCfg = Debug|Any CPU
		{05F1AEB5-D0E7-4C39-B799-655654921505}.Debug|Any CPU.Build.0 = Debug|Any CPU
		{05F1AEB5-D0E7-4C39-B799-655654921505}.Release|Any CPU.ActiveCfg = Release|Any CPU
		{05F1AEB5-D0E7-4C39-B799-655654921505}.Release|Any CPU.Build.0 = Release|Any CPU
		{7038C86C-390F-4113-97DD-B73BBB5C7503}.Debug|Any CPU.ActiveCfg = Debug|Any CPU
		{7038C86C-390F-4113-97DD-B73BBB5C7503}.Debug|Any CPU.Build.0 = Debug|Any CPU
		{7038C86C-390F-4113-97DD-B73BBB5C7503}.Release|Any CPU.ActiveCfg = Release|Any CPU
		{7038C86C-390F-4113-97DD-B73BBB5C7503}.Release|Any CPU.Build.0 = Release|Any CPU
	EndGlobalSection
	GlobalSection(SolutionProperties) = preSolution
		HideSolutionNode = FALSE
	EndGlobalSection
	GlobalSection(ExtensibilityGlobals) = postSolution
		SolutionGuid = {C19D03A3-3CA2-465E-AA2F-E1252FDE0F52}
	EndGlobalSection
EndGlobal
